
Microsoft Visual Studio Solution File, Format Version 12.00
# Visual Studio Version 17
VisualStudioVersion = 17.2.32519.379
MinimumVisualStudioVersion = 10.0.40219.1
Project("{FAE04EC0-301F-11D3-BF4B-00C04F79EFBC}") = "prySilvaSp1", "prySilvaSp1\prySilvaSp1.csproj", "{A38B51ED-2F52-4577-9B88-537D616A7794}"
EndProject
Global
	GlobalSection(SolutionConfigurationPlatforms) = preSolution
		Debug|Any CPU = Debug|Any CPU
		Release|Any CPU = Release|Any CPU
	EndGlobalSection
	GlobalSection(ProjectConfigurationPlatforms) = postSolution
		{A38B51ED-2F52-4577-9B88-537D616A7794}.Debug|Any CPU.ActiveCfg = Debug|Any CPU
		{A38B51ED-2F52-4577-9B88-537D616A7794}.Debug|Any CPU.Build.0 = Debug|Any CPU
		{A38B51ED-2F52-4577-9B88-537D616A7794}.Release|Any CPU.ActiveCfg = Release|Any CPU
		{A38B51ED-2F52-4577-9B88-537D616A7794}.Release|Any CPU.Build.0 = Release|Any CPU
	EndGlobalSection
	GlobalSection(SolutionProperties) = preSolution
		HideSolutionNode = FALSE
	EndGlobalSection
	GlobalSection(ExtensibilityGlobals) = postSolution
		SolutionGuid = {04C6F972-6AF1-44C1-927B-5F97192AF084}
	EndGlobalSection
EndGlobal
